
Microsoft Visual Studio Solution File, Format Version 12.00
# Visual Studio Version 16
VisualStudioVersion = 16.0.31515.178
MinimumVisualStudioVersion = 10.0.40219.1
Project("{FAE04EC0-301F-11D3-BF4B-00C04F79EFBC}") = "EMChristmas", "EMChristmas.csproj", "{7A8865D1-65FC-48F6-9AFD-6BFF337BC0FE}"
EndProject
Global
	GlobalSection(SolutionConfigurationPlatforms) = preSolution
		Debug|Any CPU = Debug|Any CPU
		Release|Any CPU = Release|Any CPU
	EndGlobalSection
	GlobalSection(ProjectConfigurationPlatforms) = postSolution
		{7A8865D1-65FC-48F6-9AFD-6BFF337BC0FE}.Debug|Any CPU.ActiveCfg = Debug|Any CPU
		{7A8865D1-65FC-48F6-9AFD-6BFF337BC0FE}.Debug|Any CPU.Build.0 = Debug|Any CPU
		{7A8865D1-65FC-48F6-9AFD-6BFF337BC0FE}.Release|Any CPU.ActiveCfg = Release|Any CPU
		{7A8865D1-65FC-48F6-9AFD-6BFF337BC0FE}.Release|Any CPU.Build.0 = Release|Any CPU
	EndGlobalSection
	GlobalSection(SolutionProperties) = preSolution
		HideSolutionNode = FALSE
	EndGlobalSection
	GlobalSection(ExtensibilityGlobals) = postSolution
		SolutionGuid = {5C96ACBE-61AA-4819-A2B6-60E64EC10939}
	EndGlobalSection
EndGlobal
